
Microsoft Visual Studio Solution File, Format Version 12.00
# Visual Studio Version 17
VisualStudioVersion = 17.2.32616.157
MinimumVisualStudioVersion = 10.0.40219.1
Project("{9A19103F-16F7-4668-BE54-9A1E7A4F7556}") = "Domain", "Domain\Domain.csproj", "{D59E96AD-9394-4AA8-8388-B421208F5ED9}"
EndProject
Project("{9A19103F-16F7-4668-BE54-9A1E7A4F7556}") = "KafkaProducer", "KafkaProducer\KafkaProducer.csproj", "{1FAE8C45-900F-4761-A18A-49FB95A7DFCF}"
EndProject
Project("{9A19103F-16F7-4668-BE54-9A1E7A4F7556}") = "KafkaConsumer", "KafkaConsumer\KafkaConsumer.csproj", "{C41705D3-F7C1-4E49-9C85-FAC8BDEE7917}"
EndProject
Global
	GlobalSection(SolutionConfigurationPlatforms) = preSolution
		Debug|Any CPU = Debug|Any CPU
		Release|Any CPU = Release|Any CPU
	EndGlobalSection
	GlobalSection(ProjectConfigurationPlatforms) = postSolution
		{D59E96AD-9394-4AA8-8388-B421208F5ED9}.Debug|Any CPU.ActiveCfg = Debug|Any CPU
		{D59E96AD-9394-4AA8-8388-B421208F5ED9}.Debug|Any CPU.Build.0 = Debug|Any CPU
		{D59E96AD-9394-4AA8-8388-B421208F5ED9}.Release|Any CPU.ActiveCfg = Release|Any CPU
		{D59E96AD-9394-4AA8-8388-B421208F5ED9}.Release|Any CPU.Build.0 = Release|Any CPU
		{1FAE8C45-900F-4761-A18A-49FB95A7DFCF}.Debug|Any CPU.ActiveCfg = Debug|Any CPU
		{1FAE8C45-900F-4761-A18A-49FB95A7DFCF}.Debug|Any CPU.Build.0 = Debug|Any CPU
		{1FAE8C45-900F-4761-A18A-49FB95A7DFCF}.Release|Any CPU.ActiveCfg = Release|Any CPU
		{1FAE8C45-900F-4761-A18A-49FB95A7DFCF}.Release|Any CPU.Build.0 = Release|Any CPU
		{C41705D3-F7C1-4E49-9C85-FAC8BDEE7917}.Debug|Any CPU.ActiveCfg = Debug|Any CPU
		{C41705D3-F7C1-4E49-9C85-FAC8BDEE7917}.Debug|Any CPU.Build.0 = Debug|Any CPU
		{C41705D3-F7C1-4E49-9C85-FAC8BDEE7917}.Release|Any CPU.ActiveCfg = Release|Any CPU
		{C41705D3-F7C1-4E49-9C85-FAC8BDEE7917}.Release|Any CPU.Build.0 = Release|Any CPU
	EndGlobalSection
	GlobalSection(SolutionProperties) = preSolution
		HideSolutionNode = FALSE
	EndGlobalSection
	GlobalSection(ExtensibilityGlobals) = postSolution
		SolutionGuid = {3B752653-FD4F-45F0-9379-080F42F4A449}
	EndGlobalSection
EndGlobal
